Microsoft Visual Studio Solution File, Format Version 12.00
# Visual Studio Version 17
VisualStudioVersion = 17.5.2.0
MinimumVisualStudioVersion = 10.0.40219.1
Project("{FAE04EC0-301F-11D3-BF4B-00C04F79EFBC}") = "DataManagementApi", "DataManagementApi\DataManagementApi.csproj", "{9BAC74F0-F00C-1A68-C6E8-4D8C611F0B54}"
EndProject
Project("{FAE04EC0-301F-11D3-BF4B-00C04F79EFBC}") = "KeyCloakSSO", "KeyCloakSSO\KeyCloakSSO.csproj", "{5CEC7302-1A8D-CCAA-B173-B371250CEC6D}"
EndProject
Global
	GlobalSection(SolutionConfigurationPlatforms) = preSolution
		Debug|Any CPU = Debug|Any CPU
		Release|Any CPU = Release|Any CPU
	EndGlobalSection
	GlobalSection(ProjectConfigurationPlatforms) = postSolution
		{9BAC74F0-F00C-1A68-C6E8-4D8C611F0B54}.Debug|Any CPU.ActiveCfg = Debug|Any CPU
		{9BAC74F0-F00C-1A68-C6E8-4D8C611F0B54}.Debug|Any CPU.Build.0 = Debug|Any CPU
		{9BAC74F0-F00C-1A68-C6E8-4D8C611F0B54}.Release|Any CPU.ActiveCfg = Release|Any CPU
		{9BAC74F0-F00C-1A68-C6E8-4D8C611F0B54}.Release|Any CPU.Build.0 = Release|Any CPU
		{5CEC7302-1A8D-CCAA-B173-B371250CEC6D}.Debug|Any CPU.ActiveCfg = Debug|Any CPU
		{5CEC7302-1A8D-CCAA-B173-B371250CEC6D}.Debug|Any CPU.Build.0 = Debug|Any CPU
		{5CEC7302-1A8D-CCAA-B173-B371250CEC6D}.Release|Any CPU.ActiveCfg = Release|Any CPU
		{5CEC7302-1A8D-CCAA-B173-B371250CEC6D}.Release|Any CPU.Build.0 = Release|Any CPU
	EndGlobalSection
	GlobalSection(SolutionProperties) = preSolution
		HideSolutionNode = FALSE
	EndGlobalSection
	GlobalSection(ExtensibilityGlobals) = postSolution
		SolutionGuid = {01AAA053-44D8-4C4D-AD84-8CC6CF0CD169}
	EndGlobalSection
EndGlobal
